# Code generated by scarb DO NOT EDIT.
version = 1

[[package]]
name = "ekubo"
version = "0.1.0"
source = "git+https://github.com/ekuboprotocol/abis#946e1f3f97d48918d7cbd484de56bb2de8dd755e"

[[package]]
name = "ekubo_limit_orders_extension"
version = "0.1.0"
dependencies = [
 "ekubo",
 "snforge_std",
]

[[package]]
name = "snforge_std"
version = "0.26.0"
source = "git+https://github.com/foundry-rs/starknet-foundry#47d52bfa81d7736c543893dd927a4cd1d4a4b174"
