# Code generated by scarb DO NOT EDIT.
version = 1

[[package]]
name = "ekubo"
version = "0.1.0"
source = "git+https://github.com/ekuboprotocol/abis#a926a6f17aee6a9d630583ab85d74b2b69d915d1"

[[package]]
name = "ekubo_limit_orders_extension"
version = "0.1.0"
dependencies = [
 "ekubo",
 "snforge_std",
]

[[package]]
name = "snforge_std"
version = "0.26.0"
source = "git+https://github.com/foundry-rs/starknet-foundry#a1289918ba5f0fb112216eb686464c710db5b38b"
