# Code generated by scarb DO NOT EDIT.
version = 1

[[package]]
name = "ekubo"
version = "0.1.0"
source = "git+https://github.com/ekuboprotocol/abis#6268e56c64851cd61ccbdc9a0aa8e66d9a950608"

[[package]]
name = "ekubo_limit_orders_extension"
version = "0.1.0"
dependencies = [
 "ekubo",
 "snforge_std",
]

[[package]]
name = "snforge_std"
version = "0.26.0"
source = "git+https://github.com/foundry-rs/starknet-foundry#c633861937bc7076bd79a4450ca9f4a1b5f344b0"
